// !$*UTF8*$!
{
	archiveVersion = 1;
	classes = {
	};
	objectVersion = 50;
	objects = {

/* Begin PBXBuildFile section */
		04622712241CD81400FD51BB /* AppDelegate.swift in Sources */ = {isa = PBXBuildFile; fileRef = 04622711241CD81400FD51BB /* AppDelegate.swift */; };
		04622714241CD81400FD51BB /* SceneDelegate.swift in Sources */ = {isa = PBXBuildFile; fileRef = 04622713241CD81400FD51BB /* SceneDelegate.swift */; };
		04622716241CD81400FD51BB /* ContentView.swift in Sources */ = {isa = PBXBuildFile; fileRef = 04622715241CD81400FD51BB /* ContentView.swift */; };
		04622718241CD81600FD51BB /* Assets.xcassets in Resources */ = {isa = PBXBuildFile; fileRef = 04622717241CD81600FD51BB /* Assets.xcassets */; };
		0462271B241CD81600FD51BB /* Preview Assets.xcassets in Resources */ = {isa = PBXBuildFile; fileRef = 0462271A241CD81600FD51BB /* Preview Assets.xcassets */; };
		0462271E241CD81600FD51BB /* LaunchScreen.storyboard in Resources */ = {isa = PBXBuildFile; fileRef = 0462271C241CD81600FD51BB /* LaunchScreen.storyboard */; };
		04622729241CD81700FD51BB /* NeumorphismTests.swift in Sources */ = {isa = PBXBuildFile; fileRef = 04622728241CD81700FD51BB /* NeumorphismTests.swift */; };
		04622734241CD81700FD51BB /* NeumorphismUITests.swift in Sources */ = {isa = PBXBuildFile; fileRef = 04622733241CD81700FD51BB /* NeumorphismUITests.swift */; };
/* End PBXBuildFile section */

/* Begin PBXContainerItemProxy section */
		04622725241CD81700FD51BB /* PBXContainerItemProxy */ = {
			isa = PBXContainerItemProxy;
			containerPortal = 04622706241CD81400FD51BB /* Project object */;
			proxyType = 1;
			remoteGlobalIDString = 0462270D241CD81400FD51BB;
			remoteInfo = Neumorphism;
		};
		04622730241CD81700FD51BB /* PBXContainerItemProxy */ = {
			isa = PBXContainerItemProxy;
			containerPortal = 04622706241CD81400FD51BB /* Project object */;
			proxyType = 1;
			remoteGlobalIDString = 0462270D241CD81400FD51BB;
			remoteInfo = Neumorphism;
		};
/* End PBXContainerItemProxy section */

/* Begin PBXFileReference section */
		0462270E241CD81400FD51BB /* Neumorphism.app */ = {isa = PBXFileReference; explicitFileType = wrapper.application; includeInIndex = 0; path = Neumorphism.app; sourceTree = BUILT_PRODUCTS_DIR; };
		04622711241CD81400FD51BB /* AppDelegate.swift */ = {isa = PBXFileReference; lastKnownFileType = sourcecode.swift; path = AppDelegate.swift; sourceTree = "<group>"; };
		04622713241CD81400FD51BB /* SceneDelegate.swift */ = {isa = PBXFileReference; lastKnownFileType = sourcecode.swift; path = SceneDelegate.swift; sourceTree = "<group>"; };
		04622715241CD81400FD51BB /* ContentView.swift */ = {isa = PBXFileReference; lastKnownFileType = sourcecode.swift; path = ContentView.swift; sourceTree = "<group>"; };
		04622717241CD81600FD51BB /* Assets.xcassets */ = {isa = PBXFileReference; lastKnownFileType = folder.assetcatalog; path = Assets.xcassets; sourceTree = "<group>"; };
		0462271A241CD81600FD51BB /* Preview Assets.xcassets */ = {isa = PBXFileReference; lastKnownFileType = folder.assetcatalog; path = "Preview Assets.xcassets"; sourceTree = "<group>"; };
		0462271D241CD81600FD51BB /* Base */ = {isa = PBXFileReference; lastKnownFileType = file.storyboard; name = Base; path = Base.lproj/LaunchScreen.storyboard; sourceTree = "<group>"; };
		0462271F241CD81600FD51BB /* Info.plist */ = {isa = PBXFileReference; lastKnownFileType = text.plist.xml; path = Info.plist; sourceTree = "<group>"; };
		04622724241CD81700FD51BB /* NeumorphismTests.xctest */ = {isa = PBXFileReference; explicitFileType = wrapper.cfbundle; includeInIndex = 0; path = NeumorphismTests.xctest; sourceTree = BUILT_PRODUCTS_DIR; };
		04622728241CD81700FD51BB /* NeumorphismTests.swift */ = {isa = PBXFileReference; lastKnownFileType = sourcecode.swift; path = NeumorphismTests.swift; sourceTree = "<group>"; };
		0462272A241CD81700FD51BB /* Info.plist */ = {isa = PBXFileReference; lastKnownFileType = text.plist.xml; path = Info.plist; sourceTree = "<group>"; };
		0462272F241CD81700FD51BB /* NeumorphismUITests.xctest */ = {isa = PBXFileReference; explicitFileType = wrapper.cfbundle; includeInIndex = 0; path = NeumorphismUITests.xctest; sourceTree = BUILT_PRODUCTS_DIR; };
		04622733241CD81700FD51BB /* NeumorphismUITests.swift */ = {isa = PBXFileReference; lastKnownFileType = sourcecode.swift; path = NeumorphismUITests.swift; sourceTree = "<group>"; };
		04622735241CD81700FD51BB /* Info.plist */ = {isa = PBXFileReference; lastKnownFileType = text.plist.xml; path = Info.plist; sourceTree = "<group>"; };
/* End PBXFileReference section */

/* Begin PBXFrameworksBuildPhase section */
		0462270B241CD81400FD51BB /* Frameworks */ = {
			isa = PBXFrameworksBuildPhase;
			buildActionMask = 2147483647;
			files = (
			);
			runOnlyForDeploymentPostprocessing = 0;
		};
		04622721241CD81700FD51BB /* Frameworks */ = {
			isa = PBXFrameworksBuildPhase;
			buildActionMask = 2147483647;
			files = (
			);
			runOnlyForDeploymentPostprocessing = 0;
		};
		0462272C241CD81700FD51BB /* Frameworks */ = {
			isa = PBXFrameworksBuildPhase;
			buildActionMask = 2147483647;
			files = (
			);
			runOnlyForDeploymentPostprocessing = 0;
		};
/* End PBXFrameworksBuildPhase section */

/* Begin PBXGroup section */
		04622705241CD81400FD51BB = {
			isa = PBXGroup;
			children = (
				04622710241CD81400FD51BB /* Neumorphism */,
				04622727241CD81700FD51BB /* NeumorphismTests */,
				04622732241CD81700FD51BB /* NeumorphismUITests */,
				0462270F241CD81400FD51BB /* Products */,
			);
			sourceTree = "<group>";
		};
		0462270F241CD81400FD51BB /* Products */ = {
			isa = PBXGroup;
			children = (
				0462270E241CD81400FD51BB /* Neumorphism.app */,
				04622724241CD81700FD51BB /* NeumorphismTests.xctest */,
				0462272F241CD81700FD51BB /* NeumorphismUITests.xctest */,
			);
			name = Products;
			sourceTree = "<group>";
		};
		04622710241CD81400FD51BB /* Neumorphism */ = {
			isa = PBXGroup;
			children = (
				04622711241CD81400FD51BB /* AppDelegate.swift */,
				04622713241CD81400FD51BB /* SceneDelegate.swift */,
				04622715241CD81400FD51BB /* ContentView.swift */,
				04622717241CD81600FD51BB /* Assets.xcassets */,
				0462271C241CD81600FD51BB /* LaunchScreen.storyboard */,
				0462271F241CD81600FD51BB /* Info.plist */,
				04622719241CD81600FD51BB /* Preview Content */,
			);
			path = Neumorphism;
			sourceTree = "<group>";
		};
		04622719241CD81600FD51BB /* Preview Content */ = {
			isa = PBXGroup;
			children = (
				0462271A241CD81600FD51BB /* Preview Assets.xcassets */,
			);
			path = "Preview Content";
			sourceTree = "<group>";
		};
		04622727241CD81700FD51BB /* NeumorphismTests */ = {
			isa = PBXGroup;
			children = (
				04622728241CD81700FD51BB /* NeumorphismTests.swift */,
				0462272A241CD81700FD51BB /* Info.plist */,
			);
			path = NeumorphismTests;
			sourceTree = "<group>";
		};
		04622732241CD81700FD51BB /* NeumorphismUITests */ = {
			isa = PBXGroup;
			children = (
				04622733241CD81700FD51BB /* NeumorphismUITests.swift */,
				04622735241CD81700FD51BB /* Info.plist */,
			);
			path = NeumorphismUITests;
			sourceTree = "<group>";
		};
/* End PBXGroup section */

/* Begin PBXNativeTarget section */
		0462270D241CD81400FD51BB /* Neumorphism */ = {
			isa = PBXNativeTarget;
			buildConfigurationList = 04622738241CD81700FD51BB /* Build configuration list for PBXNativeTarget "Neumorphism" */;
			buildPhases = (
				0462270A241CD81400FD51BB /* Sources */,
				0462270B241CD81400FD51BB /* Frameworks */,
				0462270C241CD81400FD51BB /* Resources */,
			);
			buildRules = (
			);
			dependencies = (
			);
			name = Neumorphism;
			productName = Neumorphism;
			productReference = 0462270E241CD81400FD51BB /* Neumorphism.app */;
			productType = "com.apple.product-type.application";
		};
		04622723241CD81700FD51BB /* NeumorphismTests */ = {
			isa = PBXNativeTarget;
			buildConfigurationList = 0462273B241CD81700FD51BB /* Build configuration list for PBXNativeTarget "NeumorphismTests" */;
			buildPhases = (
				04622720241CD81700FD51BB /* Sources */,
				04622721241CD81700FD51BB /* Frameworks */,
				04622722241CD81700FD51BB /* Resources */,
			);
			buildRules = (
			);
			dependencies = (
				04622726241CD81700FD51BB /* PBXTargetDependency */,
			);
			name = NeumorphismTests;
			productName = NeumorphismTests;
			productReference = 04622724241CD81700FD51BB /* NeumorphismTests.xctest */;
			productType = "com.apple.product-type.bundle.unit-test";
		};
		0462272E241CD81700FD51BB /* NeumorphismUITests */ = {
			isa = PBXNativeTarget;
			buildConfigurationList = 0462273E241CD81700FD51BB /* Build configuration list for PBXNativeTarget "NeumorphismUITests" */;
			buildPhases = (
				0462272B241CD81700FD51BB /* Sources */,
				0462272C241CD81700FD51BB /* Frameworks */,
				0462272D241CD81700FD51BB /* Resources */,
			);
			buildRules = (
			);
			dependencies = (
				04622731241CD81700FD51BB /* PBXTargetDependency */,
			);
			name = NeumorphismUITests;
			productName = NeumorphismUITests;
			productReference = 0462272F241CD81700FD51BB /* NeumorphismUITests.xctest */;
			productType = "com.apple.product-type.bundle.ui-testing";
		};
/* End PBXNativeTarget section */

/* Begin PBXProject section */
		04622706241CD81400FD51BB /* Project object */ = {
			isa = PBXProject;
			attributes = {
				LastSwiftUpdateCheck = 1130;
				LastUpgradeCheck = 1130;
				ORGANIZATIONNAME = Lammax;
				TargetAttributes = {
					0462270D241CD81400FD51BB = {
						CreatedOnToolsVersion = 11.3;
					};
					04622723241CD81700FD51BB = {
						CreatedOnToolsVersion = 11.3;
						TestTargetID = 0462270D241CD81400FD51BB;
					};
					0462272E241CD81700FD51BB = {
						CreatedOnToolsVersion = 11.3;
						TestTargetID = 0462270D241CD81400FD51BB;
					};
				};
			};
			buildConfigurationList = 04622709241CD81400FD51BB /* Build configuration list for PBXProject "Neumorphism" */;
			compatibilityVersion = "Xcode 9.3";
			developmentRegion = en;
			hasScannedForEncodings = 0;
			knownRegions = (
				en,
				Base,
			);
			mainGroup = 04622705241CD81400FD51BB;
			productRefGroup = 0462270F241CD81400FD51BB /* Products */;
			projectDirPath = "";
			projectRoot = "";
			targets = (
				0462270D241CD81400FD51BB /* Neumorphism */,
				04622723241CD81700FD51BB /* NeumorphismTests */,
				0462272E241CD81700FD51BB /* NeumorphismUITests */,
			);
		};
/* End PBXProject section */

/* Begin PBXResourcesBuildPhase section */
		0462270C241CD81400FD51BB /* Resources */ = {
			isa = PBXResourcesBuildPhase;
			buildActionMask = 2147483647;
			files = (
				0462271E241CD81600FD51BB /* LaunchScreen.storyboard in Resources */,
				0462271B241CD81600FD51BB /* Preview Assets.xcassets in Resources */,
				04622718241CD81600FD51BB /* Assets.xcassets in Resources */,
			);
			runOnlyForDeploymentPostprocessing = 0;
		};
		04622722241CD81700FD51BB /* Resources */ = {
			isa = PBXResourcesBuildPhase;
			buildActionMask = 2147483647;
			files = (
			);
			runOnlyForDeploymentPostprocessing = 0;
		};
		0462272D241CD81700FD51BB /* Resources */ = {
			isa = PBXResourcesBuildPhase;
			buildActionMask = 2147483647;
			files = (
			);
			runOnlyForDeploymentPostprocessing = 0;
		};
/* End PBXResourcesBuildPhase section */

/* Begin PBXSourcesBuildPhase section */
		0462270A241CD81400FD51BB /* Sources */ = {
			isa = PBXSourcesBuildPhase;
			buildActionMask = 2147483647;
			files = (
				04622712241CD81400FD51BB /* AppDelegate.swift in Sources */,
				04622714241CD81400FD51BB /* SceneDelegate.swift in Sources */,
				04622716241CD81400FD51BB /* ContentView.swift in Sources */,
			);
			runOnlyForDeploymentPostprocessing = 0;
		};
		04622720241CD81700FD51BB /* Sources */ = {
			isa = PBXSourcesBuildPhase;
			buildActionMask = 2147483647;
			files = (
				04622729241CD81700FD51BB /* NeumorphismTests.swift in Sources */,
			);
			runOnlyForDeploymentPostprocessing = 0;
		};
		0462272B241CD81700FD51BB /* Sources */ = {
			isa = PBXSourcesBuildPhase;
			buildActionMask = 2147483647;
			files = (
				04622734241CD81700FD51BB /* NeumorphismUITests.swift in Sources */,
			);
			runOnlyForDeploymentPostprocessing = 0;
		};
/* End PBXSourcesBuildPhase section */

/* Begin PBXTargetDependency section */
		04622726241CD81700FD51BB /* PBXTargetDependency */ = {
			isa = PBXTargetDependency;
			target = 0462270D241CD81400FD51BB /* Neumorphism */;
			targetProxy = 04622725241CD81700FD51BB /* PBXContainerItemProxy */;
		};
		04622731241CD81700FD51BB /* PBXTargetDependency */ = {
			isa = PBXTargetDependency;
			target = 0462270D241CD81400FD51BB /* Neumorphism */;
			targetProxy = 04622730241CD81700FD51BB /* PBXContainerItemProxy */;
		};
/* End PBXTargetDependency section */

/* Begin PBXVariantGroup section */
		0462271C241CD81600FD51BB /* LaunchScreen.storyboard */ = {
			isa = PBXVariantGroup;
			children = (
				0462271D241CD81600FD51BB /* Base */,
			);
			name = LaunchScreen.storyboard;
			sourceTree = "<group>";
		};
/* End PBXVariantGroup section */

/* Begin XCBuildConfiguration section */
		04622736241CD81700FD51BB /* Debug */ = {
			isa = XCBuildConfiguration;
			buildSettings = {
				ALWAYS_SEARCH_USER_PATHS = NO;
				CLANG_ANALYZER_NONNULL = YES;
				CLANG_ANALYZER_NUMBER_OBJECT_CONVERSION = YES_AGGRESSIVE;
				CLANG_CXX_LANGUAGE_STANDARD = "gnu++14";
				CLANG_CXX_LIBRARY = "libc++";
				CLANG_ENABLE_MODULES = YES;
				CLANG_ENABLE_OBJC_ARC = YES;
				CLANG_ENABLE_OBJC_WEAK = YES;
				CLANG_WARN_BLOCK_CAPTURE_AUTORELEASING = YES;
				CLANG_WARN_BOOL_CONVERSION = YES;
				CLANG_WARN_COMMA = YES;
				CLANG_WARN_CONSTANT_CONVERSION = YES;
				CLANG_WARN_DEPRECATED_OBJC_IMPLEMENTATIONS = YES;
				CLANG_WARN_DIRECT_OBJC_ISA_USAGE = YES_ERROR;
				CLANG_WARN_DOCUMENTATION_COMMENTS = YES;
				CLANG_WARN_EMPTY_BODY = YES;
				CLANG_WARN_ENUM_CONVERSION = YES;
				CLANG_WARN_INFINITE_RECURSION = YES;
				CLANG_WARN_INT_CONVERSION = YES;
				CLANG_WARN_NON_LITERAL_NULL_CONVERSION = YES;
				CLANG_WARN_OBJC_IMPLICIT_RETAIN_SELF = YES;
				CLANG_WARN_OBJC_LITERAL_CONVERSION = YES;
				CLANG_WARN_OBJC_ROOT_CLASS = YES_ERROR;
				CLANG_WARN_RANGE_LOOP_ANALYSIS = YES;
				CLANG_WARN_STRICT_PROTOTYPES = YES;
				CLANG_WARN_SUSPICIOUS_MOVE = YES;
				CLANG_WARN_UNGUARDED_AVAILABILITY = YES_AGGRESSIVE;
				CLANG_WARN_UNREACHABLE_CODE = YES;
				CLANG_WARN__DUPLICATE_METHOD_MATCH = YES;
				COPY_PHASE_STRIP = NO;
				DEBUG_INFORMATION_FORMAT = dwarf;
				ENABLE_STRICT_OBJC_MSGSEND = YES;
				ENABLE_TESTABILITY = YES;
				GCC_C_LANGUAGE_STANDARD = gnu11;
				GCC_DYNAMIC_NO_PIC = NO;
				GCC_NO_COMMON_BLOCKS = YES;
				GCC_OPTIMIZATION_LEVEL = 0;
				GCC_PREPROCESSOR_DEFINITIONS = (
					"DEBUG=1",
					"$(inherited)",
				);
				GCC_WARN_64_TO_32_BIT_CONVERSION = YES;
				GCC_WARN_ABOUT_RETURN_TYPE = YES_ERROR;
				GCC_WARN_UNDECLARED_SELECTOR = YES;
				GCC_WARN_UNINITIALIZED_AUTOS = YES_AGGRESSIVE;
				GCC_WARN_UNUSED_FUNCTION = YES;
				GCC_WARN_UNUSED_VARIABLE = YES;
				IPHONEOS_DEPLOYMENT_TARGET = 13.2;
				MTL_ENABLE_DEBUG_INFO = INCLUDE_SOURCE;
				MTL_FAST_MATH = YES;
				ONLY_ACTIVE_ARCH = YES;
				SDKROOT = iphoneos;
				SWIFT_ACTIVE_COMPILATION_CONDITIONS = DEBUG;
				SWIFT_OPTIMIZATION_LEVEL = "-Onone";
			};
			name = Debug;
		};
		04622737241CD81700FD51BB /* Release */ = {
			isa = XCBuildConfiguration;
			buildSettings = {
				ALWAYS_SEARCH_USER_PATHS = NO;
				CLANG_ANALYZER_NONNULL = YES;
				CLANG_ANALYZER_NUMBER_OBJECT_CONVERSION = YES_AGGRESSIVE;
				CLANG_CXX_LANGUAGE_STANDARD = "gnu++14";
				CLANG_CXX_LIBRARY = "libc++";
				CLANG_ENABLE_MODULES = YES;
				CLANG_ENABLE_OBJC_ARC = YES;
				CLANG_ENABLE_OBJC_WEAK = YES;
				CLANG_WARN_BLOCK_CAPTURE_AUTORELEASING = YES;
				CLANG_WARN_BOOL_CONVERSION = YES;
				CLANG_WARN_COMMA = YES;
				CLANG_WARN_CONSTANT_CONVERSION = YES;
				CLANG_WARN_DEPRECATED_OBJC_IMPLEMENTATIONS = YES;
				CLANG_WARN_DIRECT_OBJC_ISA_USAGE = YES_ERROR;
				CLANG_WARN_DOCUMENTATION_COMMENTS = YES;
				CLANG_WARN_EMPTY_BODY = YES;
				CLANG_WARN_ENUM_CONVERSION = YES;
				CLANG_WARN_INFINITE_RECURSION = YES;
				CLANG_WARN_INT_CONVERSION = YES;
				CLANG_WARN_NON_LITERAL_NULL_CONVERSION = YES;
				CLANG_WARN_OBJC_IMPLICIT_RETAIN_SELF = YES;
				CLANG_WARN_OBJC_LITERAL_CONVERSION = YES;
				CLANG_WARN_OBJC_ROOT_CLASS = YES_ERROR;
				CLANG_WARN_RANGE_LOOP_ANALYSIS = YES;
				CLANG_WARN_STRICT_PROTOTYPES = YES;
				CLANG_WARN_SUSPICIOUS_MOVE = YES;
				CLANG_WARN_UNGUARDED_AVAILABILITY = YES_AGGRESSIVE;
				CLANG_WARN_UNREACHABLE_CODE = YES;
				CLANG_WARN__DUPLICATE_METHOD_MATCH = YES;
				COPY_PHASE_STRIP = NO;
				DEBUG_INFORMATION_FORMAT = "dwarf-with-dsym";
				ENABLE_NS_ASSERTIONS = NO;
				ENABLE_STRICT_OBJC_MSGSEND = YES;
				GCC_C_LANGUAGE_STANDARD = gnu11;
				GCC_NO_COMMON_BLOCKS = YES;
				GCC_WARN_64_TO_32_BIT_CONVERSION = YES;
				GCC_WARN_ABOUT_RETURN_TYPE = YES_ERROR;
				GCC_WARN_UNDECLARED_SELECTOR = YES;
				GCC_WARN_UNINITIALIZED_AUTOS = YES_AGGRESSIVE;
				GCC_WARN_UNUSED_FUNCTION = YES;
				GCC_WARN_UNUSED_VARIABLE = YES;
				IPHONEOS_DEPLOYMENT_TARGET = 13.2;
				MTL_ENABLE_DEBUG_INFO = NO;
				MTL_FAST_MATH = YES;
				SDKROOT = iphoneos;
				SWIFT_COMPILATION_MODE = wholemodule;
				SWIFT_OPTIMIZATION_LEVEL = "-O";
				VALIDATE_PRODUCT = YES;
			};
			name = Release;
		};
		04622739241CD81700FD51BB /* Debug */ = {
			isa = XCBuildConfiguration;
			buildSettings = {
				ASSETCATALOG_COMPILER_APPICON_NAME = AppIcon;
				CODE_SIGN_STYLE = Automatic;
				DEVELOPMENT_ASSET_PATHS = "\"Neumorphism/Preview Content\"";
				DEVELOPMENT_TEAM = Z8JVJD6M2F;
				ENABLE_PREVIEWS = YES;
				INFOPLIST_FILE = Neumorphism/Info.plist;
				LD_RUNPATH_SEARCH_PATHS = (
					"$(inherited)",
					"@executable_path/Frameworks",
				);
				PRODUCT_BUNDLE_IDENTIFIER = com.lammax.ios.study.swiftui.Neumorphism;
				PRODUCT_NAME = "$(TARGET_NAME)";
				SWIFT_VERSION = 5.0;
				TARGETED_DEVICE_FAMILY = "1,2";
			};
			name = Debug;
		};
		0462273A241CD81700FD51BB /* Release */ = {
			isa = XCBuildConfiguration;
			buildSettings = {
				ASSETCATALOG_COMPILER_APPICON_NAME = AppIcon;
				CODE_SIGN_STYLE = Automatic;
				DEVELOPMENT_ASSET_PATHS = "\"Neumorphism/Preview Content\"";
				DEVELOPMENT_TEAM = Z8JVJD6M2F;
				ENABLE_PREVIEWS = YES;
				INFOPLIST_FILE = Neumorphism/Info.plist;
				LD_RUNPATH_SEARCH_PATHS = (
					"$(inherited)",
					"@executable_path/Frameworks",
				);
				PRODUCT_BUNDLE_IDENTIFIER = com.lammax.ios.study.swiftui.Neumorphism;
				PRODUCT_NAME = "$(TARGET_NAME)";
				SWIFT_VERSION = 5.0;
				TARGETED_DEVICE_FAMILY = "1,2";
			};
			name = Release;
		};
		0462273C241CD81700FD51BB /* Debug */ = {
			isa = XCBuildConfiguration;
			buildSettings = {
				ALWAYS_EMBED_SWIFT_STANDARD_LIBRARIES = YES;
				BUNDLE_LOADER = "$(TEST_HOST)";
				CODE_SIGN_STYLE = Automatic;
				DEVELOPMENT_TEAM = Z8JVJD6M2F;
				INFOPLIST_FILE = NeumorphismTests/Info.plist;
				IPHONEOS_DEPLOYMENT_TARGET = 13.2;
				LD_RUNPATH_SEARCH_PATHS = (
					"$(inherited)",
					"@executable_path/Frameworks",
					"@loader_path/Frameworks",
				);
				PRODUCT_BUNDLE_IDENTIFIER = com.lammax.ios.study.swiftui.NeumorphismTests;
				PRODUCT_NAME = "$(TARGET_NAME)";
				SWIFT_VERSION = 5.0;
				TARGETED_DEVICE_FAMILY = "1,2";
				TEST_HOST = "$(BUILT_PRODUCTS_DIR)/Neumorphism.app/Neumorphism";
			};
			name = Debug;
		};
		0462273D241CD81700FD51BB /* Release */ = {
			isa = XCBuildConfiguration;
			buildSettings = {
				ALWAYS_EMBED_SWIFT_STANDARD_LIBRARIES = YES;
				BUNDLE_LOADER = "$(TEST_HOST)";
				CODE_SIGN_STYLE = Automatic;
				DEVELOPMENT_TEAM = Z8JVJD6M2F;
				INFOPLIST_FILE = NeumorphismTests/Info.plist;
				IPHONEOS_DEPLOYMENT_TARGET = 13.2;
				LD_RUNPATH_SEARCH_PATHS = (
					"$(inherited)",
					"@executable_path/Frameworks",
					"@loader_path/Frameworks",
				);
				PRODUCT_BUNDLE_IDENTIFIER = com.lammax.ios.study.swiftui.NeumorphismTests;
				PRODUCT_NAME = "$(TARGET_NAME)";
				SWIFT_VERSION = 5.0;
				TARGETED_DEVICE_FAMILY = "1,2";
				TEST_HOST = "$(BUILT_PRODUCTS_DIR)/Neumorphism.app/Neumorphism";
			};
			name = Release;
		};
		0462273F241CD81700FD51BB /* Debug */ = {
			isa = XCBuildConfiguration;
			buildSettings = {
				ALWAYS_EMBED_SWIFT_STANDARD_LIBRARIES = YES;
				CODE_SIGN_STYLE = Automatic;
				DEVELOPMENT_TEAM = Z8JVJD6M2F;
				INFOPLIST_FILE = NeumorphismUITests/Info.plist;
				LD_RUNPATH_SEARCH_PATHS = (
					"$(inherited)",
					"@executable_path/Frameworks",
					"@loader_path/Frameworks",
				);
				PRODUCT_BUNDLE_IDENTIFIER = com.lammax.ios.study.swiftui.NeumorphismUITests;
				PRODUCT_NAME = "$(TARGET_NAME)";
				SWIFT_VERSION = 5.0;
				TARGETED_DEVICE_FAMILY = "1,2";
				TEST_TARGET_NAME = Neumorphism;
			};
			name = Debug;
		};
		04622740241CD81700FD51BB /* Release */ = {
			isa = XCBuildConfiguration;
			buildSettings = {
				ALWAYS_EMBED_SWIFT_STANDARD_LIBRARIES = YES;
				CODE_SIGN_STYLE = Automatic;
				DEVELOPMENT_TEAM = Z8JVJD6M2F;
				INFOPLIST_FILE = NeumorphismUITests/Info.plist;
				LD_RUNPATH_SEARCH_PATHS = (
					"$(inherited)",
					"@executable_path/Frameworks",
					"@loader_path/Frameworks",
				);
				PRODUCT_BUNDLE_IDENTIFIER = com.lammax.ios.study.swiftui.NeumorphismUITests;
				PRODUCT_NAME = "$(TARGET_NAME)";
				SWIFT_VERSION = 5.0;
				TARGETED_DEVICE_FAMILY = "1,2";
				TEST_TARGET_NAME = Neumorphism;
			};
			name = Release;
		};
/* End XCBuildConfiguration section */

/* Begin XCConfigurationList section */
		04622709241CD81400FD51BB /* Build configuration list for PBXProject "Neumorphism" */ = {
			isa = XCConfigurationList;
			buildConfigurations = (
				04622736241CD81700FD51BB /* Debug */,
				04622737241CD81700FD51BB /* Release */,
			);
			defaultConfigurationIsVisible = 0;
			defaultConfigurationName = Release;
		};
		04622738241CD81700FD51BB /* Build configuration list for PBXNativeTarget "Neumorphism" */ = {
			isa = XCConfigurationList;
			buildConfigurations = (
				04622739241CD81700FD51BB /* Debug */,
				0462273A241CD81700FD51BB /* Release */,
			);
			defaultConfigurationIsVisible = 0;
			defaultConfigurationName = Release;
		};
		0462273B241CD81700FD51BB /* Build configuration list for PBXNativeTarget "NeumorphismTests" */ = {
			isa = XCConfigurationList;
			buildConfigurations = (
				0462273C241CD81700FD51BB /* Debug */,
				0462273D241CD81700FD51BB /* Release */,
			);
			defaultConfigurationIsVisible = 0;
			defaultConfigurationName = Release;
		};
		0462273E241CD81700FD51BB /* Build configuration list for PBXNativeTarget "NeumorphismUITests" */ = {
			isa = XCConfigurationList;
			buildConfigurations = (
				0462273F241CD81700FD51BB /* Debug */,
				04622740241CD81700FD51BB /* Release */,
			);
			defaultConfigurationIsVisible = 0;
			defaultConfigurationName = Release;
		};
/* End XCConfigurationList section */
	};
	rootObject = 04622706241CD81400FD51BB /* Project object */;
}
